
Microsoft Visual Studio Solution File, Format Version 12.00
# Visual Studio Version 17
VisualStudioVersion = 17.4.33110.190
MinimumVisualStudioVersion = 10.0.40219.1
Project("{FAE04EC0-301F-11D3-BF4B-00C04F79EFBC}") = "Exceptions", "Exceptions\Exceptions.csproj", "{27E6403D-B15C-4D65-A684-DDC21151E32C}"
EndProject
Project("{FAE04EC0-301F-11D3-BF4B-00C04F79EFBC}") = "Domain", "Domain\Domain.csproj", "{45FAFAF9-24F3-410B-B16E-C6A33AB55C88}"
EndProject
Project("{FAE04EC0-301F-11D3-BF4B-00C04F79EFBC}") = "Service", "Service\Service.csproj", "{1EC24F8E-CCDF-41DC-924F-1DB40B92DDDF}"
EndProject
Global
	GlobalSection(SolutionConfigurationPlatforms) = preSolution
		Debug|Any CPU = Debug|Any CPU
		Release|Any CPU = Release|Any CPU
	EndGlobalSection
	GlobalSection(ProjectConfigurationPlatforms) = postSolution
		{27E6403D-B15C-4D65-A684-DDC21151E32C}.Debug|Any CPU.ActiveCfg = Debug|Any CPU
		{27E6403D-B15C-4D65-A684-DDC21151E32C}.Debug|Any CPU.Build.0 = Debug|Any CPU
		{27E6403D-B15C-4D65-A684-DDC21151E32C}.Release|Any CPU.ActiveCfg = Release|Any CPU
		{27E6403D-B15C-4D65-A684-DDC21151E32C}.Release|Any CPU.Build.0 = Release|Any CPU
		{45FAFAF9-24F3-410B-B16E-C6A33AB55C88}.Debug|Any CPU.ActiveCfg = Debug|Any CPU
		{45FAFAF9-24F3-410B-B16E-C6A33AB55C88}.Debug|Any CPU.Build.0 = Debug|Any CPU
		{45FAFAF9-24F3-410B-B16E-C6A33AB55C88}.Release|Any CPU.ActiveCfg = Release|Any CPU
		{45FAFAF9-24F3-410B-B16E-C6A33AB55C88}.Release|Any CPU.Build.0 = Release|Any CPU
		{1EC24F8E-CCDF-41DC-924F-1DB40B92DDDF}.Debug|Any CPU.ActiveCfg = Debug|Any CPU
		{1EC24F8E-CCDF-41DC-924F-1DB40B92DDDF}.Debug|Any CPU.Build.0 = Debug|Any CPU
		{1EC24F8E-CCDF-41DC-924F-1DB40B92DDDF}.Release|Any CPU.ActiveCfg = Release|Any CPU
		{1EC24F8E-CCDF-41DC-924F-1DB40B92DDDF}.Release|Any CPU.Build.0 = Release|Any CPU
	EndGlobalSection
	GlobalSection(SolutionProperties) = preSolution
		HideSolutionNode = FALSE
	EndGlobalSection
	GlobalSection(ExtensibilityGlobals) = postSolution
		SolutionGuid = {F8CFD910-58A6-4FFD-85C0-672C0E59F815}
	EndGlobalSection
EndGlobal
